
Microsoft Visual Studio Solution File, Format Version 12.00
# Visual Studio 14
VisualStudioVersion = 14.0.25420.1
MinimumVisualStudioVersion = 10.0.40219.1
Project("{FAE04EC0-301F-11D3-BF4B-00C04F79EFBC}") = "ProteinViewer", "ProteinViewer\ProteinViewer.csproj", "{CFCDBDD8-B65D-4B28-8D51-DAD4053A4117}"
EndProject
Project("{FAE04EC0-301F-11D3-BF4B-00C04F79EFBC}") = "ProteinViewer.Repository", "ProteinViewer.Repository\ProteinViewer.Repository.csproj", "{426BB84F-BBF3-4F74-AC3A-4FDBA50FB0F1}"
EndProject
Project("{FAE04EC0-301F-11D3-BF4B-00C04F79EFBC}") = "ProteinViewer.Tests", "ProteinViewer.Tests\ProteinViewer.Tests.csproj", "{53B5DFD9-61AA-44AC-A20A-48A81B8AAD09}"
EndProject
Global
	GlobalSection(SolutionConfigurationPlatforms) = preSolution
		Debug|Any CPU = Debug|Any CPU
		Release|Any CPU = Release|Any CPU
	EndGlobalSection
	GlobalSection(ProjectConfigurationPlatforms) = postSolution
		{CFCDBDD8-B65D-4B28-8D51-DAD4053A4117}.Debug|Any CPU.ActiveCfg = Debug|Any CPU
		{CFCDBDD8-B65D-4B28-8D51-DAD4053A4117}.Debug|Any CPU.Build.0 = Debug|Any CPU
		{CFCDBDD8-B65D-4B28-8D51-DAD4053A4117}.Release|Any CPU.ActiveCfg = Release|Any CPU
		{CFCDBDD8-B65D-4B28-8D51-DAD4053A4117}.Release|Any CPU.Build.0 = Release|Any CPU
		{426BB84F-BBF3-4F74-AC3A-4FDBA50FB0F1}.Debug|Any CPU.ActiveCfg = Debug|Any CPU
		{426BB84F-BBF3-4F74-AC3A-4FDBA50FB0F1}.Debug|Any CPU.Build.0 = Debug|Any CPU
		{426BB84F-BBF3-4F74-AC3A-4FDBA50FB0F1}.Release|Any CPU.ActiveCfg = Release|Any CPU
		{426BB84F-BBF3-4F74-AC3A-4FDBA50FB0F1}.Release|Any CPU.Build.0 = Release|Any CPU
		{53B5DFD9-61AA-44AC-A20A-48A81B8AAD09}.Debug|Any CPU.ActiveCfg = Debug|Any CPU
		{53B5DFD9-61AA-44AC-A20A-48A81B8AAD09}.Debug|Any CPU.Build.0 = Debug|Any CPU
		{53B5DFD9-61AA-44AC-A20A-48A81B8AAD09}.Release|Any CPU.ActiveCfg = Release|Any CPU
		{53B5DFD9-61AA-44AC-A20A-48A81B8AAD09}.Release|Any CPU.Build.0 = Release|Any CPU
	EndGlobalSection
	GlobalSection(SolutionProperties) = preSolution
		HideSolutionNode = FALSE
	EndGlobalSection
EndGlobal
